// !$*UTF8*$!
{
	archiveVersion = 1;
	classes = {
	};
	objectVersion = 51;
	objects = {

/* Begin PBXBuildFile section */
		7F2D341D24DC332400E51698 /* AppDelegate.swift in Sources */ = {isa = PBXBuildFile; fileRef = 7F2D341C24DC332400E51698 /* AppDelegate.swift */; };
		7F2D341F24DC332400E51698 /* SceneDelegate.swift in Sources */ = {isa = PBXBuildFile; fileRef = 7F2D341E24DC332400E51698 /* SceneDelegate.swift */; };
		7F2D342124DC332400E51698 /* ViewController.swift in Sources */ = {isa = PBXBuildFile; fileRef = 7F2D342024DC332400E51698 /* ViewController.swift */; };
		7F2D342424DC332400E51698 /* Main.storyboard in Resources */ = {isa = PBXBuildFile; fileRef = 7F2D342224DC332400E51698 /* Main.storyboard */; };
		7F2D342724DC332400E51698 /* InstagramClone.xcdatamodeld in Sources */ = {isa = PBXBuildFile; fileRef = 7F2D342524DC332400E51698 /* InstagramClone.xcdatamodeld */; };
		7F2D342924DC332C00E51698 /* Assets.xcassets in Resources */ = {isa = PBXBuildFile; fileRef = 7F2D342824DC332C00E51698 /* Assets.xcassets */; };
		7F2D342C24DC332C00E51698 /* LaunchScreen.storyboard in Resources */ = {isa = PBXBuildFile; fileRef = 7F2D342A24DC332C00E51698 /* LaunchScreen.storyboard */; };
		7F2D343524DC34D400E51698 /* LoginViewController.swift in Sources */ = {isa = PBXBuildFile; fileRef = 7F2D343424DC34D400E51698 /* LoginViewController.swift */; };
		7F2D343724DC34EC00E51698 /* SignupViewController.swift in Sources */ = {isa = PBXBuildFile; fileRef = 7F2D343624DC34EC00E51698 /* SignupViewController.swift */; };
		7F2D343924DC3D3F00E51698 /* GoogleService-Info.plist in Resources */ = {isa = PBXBuildFile; fileRef = 7F2D343824DC3D3E00E51698 /* GoogleService-Info.plist */; };
		7F2D343B24DC478D00E51698 /* UploadPostViewController.swift in Sources */ = {isa = PBXBuildFile; fileRef = 7F2D343A24DC478C00E51698 /* UploadPostViewController.swift */; };
		7F2D343F24DC5A0A00E51698 /* Post.swift in Sources */ = {isa = PBXBuildFile; fileRef = 7F2D343E24DC5A0A00E51698 /* Post.swift */; };
		7F2D344124DC5A2F00E51698 /* Comment.swift in Sources */ = {isa = PBXBuildFile; fileRef = 7F2D344024DC5A2F00E51698 /* Comment.swift */; };
		7F2D344324DC5A4D00E51698 /* INUser.swift in Sources */ = {isa = PBXBuildFile; fileRef = 7F2D344224DC5A4D00E51698 /* INUser.swift */; };
		7F2D344524DC6F2C00E51698 /* FeedDetailView.swift in Sources */ = {isa = PBXBuildFile; fileRef = 7F2D344424DC6F2C00E51698 /* FeedDetailView.swift */; };
		7F69967724E2C62C009D7821 /* UserFeedCollectionViewCell.swift in Sources */ = {isa = PBXBuildFile; fileRef = 7F69967624E2C62C009D7821 /* UserFeedCollectionViewCell.swift */; };
		7F69967B24E2C8C9009D7821 /* UserProfileCardCollectionViewCell.xib in Resources */ = {isa = PBXBuildFile; fileRef = 7F69967A24E2C8C8009D7821 /* UserProfileCardCollectionViewCell.xib */; };
		7F69967D24E2CED5009D7821 /* Extensions.swift in Sources */ = {isa = PBXBuildFile; fileRef = 7F69967C24E2CED5009D7821 /* Extensions.swift */; };
		7F69968124E2D8A1009D7821 /* UProfileCollectionViewController.swift in Sources */ = {isa = PBXBuildFile; fileRef = 7F69968024E2D8A1009D7821 /* UProfileCollectionViewController.swift */; };
		7F69968524E2DB5B009D7821 /* UserHeader.swift in Sources */ = {isa = PBXBuildFile; fileRef = 7F69968424E2DB5B009D7821 /* UserHeader.swift */; };
		7F6B353924E16D73008C37F4 /* ProfileViewController.swift in Sources */ = {isa = PBXBuildFile; fileRef = 7F6B353824E16D73008C37F4 /* ProfileViewController.swift */; };
		7F6B353B24E2BCAD008C37F4 /* UserProfileViewController.swift in Sources */ = {isa = PBXBuildFile; fileRef = 7F6B353A24E2BCAD008C37F4 /* UserProfileViewController.swift */; };
		7FE53EE924E305E60083A3AC /* AuthPickerViewController.swift in Sources */ = {isa = PBXBuildFile; fileRef = 7FE53EE824E305E60083A3AC /* AuthPickerViewController.swift */; };
		A94CD026F8F44B665FF0FF5B /* Pods_InstagramClone.framework in Frameworks */ = {isa = PBXBuildFile; fileRef = 648A0D8AD1CED96117557DA2 /* Pods_InstagramClone.framework */; };
/* End PBXBuildFile section */

/* Begin PBXFileReference section */
		41D8780D09C785BD3293A797 /* Pods-InstagramClone.debug.xcconfig */ = {isa = PBXFileReference; includeInIndex = 1; lastKnownFileType = text.xcconfig; name = "Pods-InstagramClone.debug.xcconfig"; path = "Target Support Files/Pods-InstagramClone/Pods-InstagramClone.debug.xcconfig"; sourceTree = "<group>"; };
		648A0D8AD1CED96117557DA2 /* Pods_InstagramClone.framework */ = {isa = PBXFileReference; explicitFileType = wrapper.framework; includeInIndex = 0; path = Pods_InstagramClone.framework; sourceTree = BUILT_PRODUCTS_DIR; };
		7F2D341924DC332300E51698 /* InstagramClone.app */ = {isa = PBXFileReference; explicitFileType = wrapper.application; includeInIndex = 0; path = InstagramClone.app; sourceTree = BUILT_PRODUCTS_DIR; };
		7F2D341C24DC332400E51698 /* AppDelegate.swift */ = {isa = PBXFileReference; lastKnownFileType = sourcecode.swift; path = AppDelegate.swift; sourceTree = "<group>"; };
		7F2D341E24DC332400E51698 /* SceneDelegate.swift */ = {isa = PBXFileReference; lastKnownFileType = sourcecode.swift; path = SceneDelegate.swift; sourceTree = "<group>"; };
		7F2D342024DC332400E51698 /* ViewController.swift */ = {isa = PBXFileReference; lastKnownFileType = sourcecode.swift; path = ViewController.swift; sourceTree = "<group>"; };
		7F2D342324DC332400E51698 /* Base */ = {isa = PBXFileReference; lastKnownFileType = file.storyboard; name = Base; path = Base.lproj/Main.storyboard; sourceTree = "<group>"; };
		7F2D342624DC332400E51698 /* InstagramClone.xcdatamodel */ = {isa = PBXFileReference; lastKnownFileType = wrapper.xcdatamodel; path = InstagramClone.xcdatamodel; sourceTree = "<group>"; };
		7F2D342824DC332C00E51698 /* Assets.xcassets */ = {isa = PBXFileReference; lastKnownFileType = folder.assetcatalog; path = Assets.xcassets; sourceTree = "<group>"; };
		7F2D342B24DC332C00E51698 /* Base */ = {isa = PBXFileReference; lastKnownFileType = file.storyboard; name = Base; path = Base.lproj/LaunchScreen.storyboard; sourceTree = "<group>"; };
		7F2D342D24DC332C00E51698 /* Info.plist */ = {isa = PBXFileReference; lastKnownFileType = text.plist.xml; path = Info.plist; sourceTree = "<group>"; };
		7F2D343424DC34D400E51698 /* LoginViewController.swift */ = {isa = PBXFileReference; lastKnownFileType = sourcecode.swift; path = LoginViewController.swift; sourceTree = "<group>"; };
		7F2D343624DC34EC00E51698 /* SignupViewController.swift */ = {isa = PBXFileReference; lastKnownFileType = sourcecode.swift; path = SignupViewController.swift; sourceTree = "<group>"; };
		7F2D343824DC3D3E00E51698 /* GoogleService-Info.plist */ = {isa = PBXFileReference; fileEncoding = 4; lastKnownFileType = text.plist.xml; path = "GoogleService-Info.plist"; sourceTree = "<group>"; };
		7F2D343A24DC478C00E51698 /* UploadPostViewController.swift */ = {isa = PBXFileReference; lastKnownFileType = sourcecode.swift; path = UploadPostViewController.swift; sourceTree = "<group>"; };
		7F2D343E24DC5A0A00E51698 /* Post.swift */ = {isa = PBXFileReference; lastKnownFileType = sourcecode.swift; path = Post.swift; sourceTree = "<group>"; };
		7F2D344024DC5A2F00E51698 /* Comment.swift */ = {isa = PBXFileReference; lastKnownFileType = sourcecode.swift; path = Comment.swift; sourceTree = "<group>"; };
		7F2D344224DC5A4D00E51698 /* INUser.swift */ = {isa = PBXFileReference; lastKnownFileType = sourcecode.swift; path = INUser.swift; sourceTree = "<group>"; };
		7F2D344424DC6F2C00E51698 /* FeedDetailView.swift */ = {isa = PBXFileReference; lastKnownFileType = sourcecode.swift; path = FeedDetailView.swift; sourceTree = "<group>"; };
		7F69967624E2C62C009D7821 /* UserFeedCollectionViewCell.swift */ = {isa = PBXFileReference; lastKnownFileType = sourcecode.swift; path = UserFeedCollectionViewCell.swift; sourceTree = "<group>"; };
		7F69967A24E2C8C8009D7821 /* UserProfileCardCollectionViewCell.xib */ = {isa = PBXFileReference; fileEncoding = 4; lastKnownFileType = file.xib; path = UserProfileCardCollectionViewCell.xib; sourceTree = "<group>"; };
		7F69967C24E2CED5009D7821 /* Extensions.swift */ = {isa = PBXFileReference; lastKnownFileType = sourcecode.swift; path = Extensions.swift; sourceTree = "<group>"; };
		7F69968024E2D8A1009D7821 /* UProfileCollectionViewController.swift */ = {isa = PBXFileReference; lastKnownFileType = sourcecode.swift; path = UProfileCollectionViewController.swift; sourceTree = "<group>"; };
		7F69968424E2DB5B009D7821 /* UserHeader.swift */ = {isa = PBXFileReference; lastKnownFileType = sourcecode.swift; path = UserHeader.swift; sourceTree = "<group>"; };
		7F6B353824E16D73008C37F4 /* ProfileViewController.swift */ = {isa = PBXFileReference; lastKnownFileType = sourcecode.swift; path = ProfileViewController.swift; sourceTree = "<group>"; };
		7F6B353A24E2BCAD008C37F4 /* UserProfileViewController.swift */ = {isa = PBXFileReference; lastKnownFileType = sourcecode.swift; path = UserProfileViewController.swift; sourceTree = "<group>"; };
		7FE53EE824E305E60083A3AC /* AuthPickerViewController.swift */ = {isa = PBXFileReference; lastKnownFileType = sourcecode.swift; path = AuthPickerViewController.swift; sourceTree = "<group>"; };
		A9B33C7BA063C860FADD629A /* Pods-InstagramClone.release.xcconfig */ = {isa = PBXFileReference; includeInIndex = 1; lastKnownFileType = text.xcconfig; name = "Pods-InstagramClone.release.xcconfig"; path = "Target Support Files/Pods-InstagramClone/Pods-InstagramClone.release.xcconfig"; sourceTree = "<group>"; };
/* End PBXFileReference section */

/* Begin PBXFrameworksBuildPhase section */
		7F2D341624DC332300E51698 /* Frameworks */ = {
			isa = PBXFrameworksBuildPhase;
			buildActionMask = 2147483647;
			files = (
				A94CD026F8F44B665FF0FF5B /* Pods_InstagramClone.framework in Frameworks */,
			);
			runOnlyForDeploymentPostprocessing = 0;
		};
/* End PBXFrameworksBuildPhase section */

/* Begin PBXGroup section */
		038DE4DDFCD67904F0BC6D4C /* Frameworks */ = {
			isa = PBXGroup;
			children = (
				648A0D8AD1CED96117557DA2 /* Pods_InstagramClone.framework */,
			);
			name = Frameworks;
			sourceTree = "<group>";
		};
		7F2D341024DC332300E51698 = {
			isa = PBXGroup;
			children = (
				7F2D341B24DC332400E51698 /* InstagramClone */,
				7F2D341A24DC332300E51698 /* Products */,
				8D3DCE3D7878AE2AF5FC1977 /* Pods */,
				038DE4DDFCD67904F0BC6D4C /* Frameworks */,
			);
			sourceTree = "<group>";
		};
		7F2D341A24DC332300E51698 /* Products */ = {
			isa = PBXGroup;
			children = (
				7F2D341924DC332300E51698 /* InstagramClone.app */,
			);
			name = Products;
			sourceTree = "<group>";
		};
		7F2D341B24DC332400E51698 /* InstagramClone */ = {
			isa = PBXGroup;
			children = (
				7F2D343324DC34AE00E51698 /* Authentication */,
				7F58898324E08E5200ABBCC9 /* AppDelegate */,
				7F2D342024DC332400E51698 /* ViewController.swift */,
				7F2D344424DC6F2C00E51698 /* FeedDetailView.swift */,
				7F69968024E2D8A1009D7821 /* UProfileCollectionViewController.swift */,
				7F2D343A24DC478C00E51698 /* UploadPostViewController.swift */,
				7F69967A24E2C8C8009D7821 /* UserProfileCardCollectionViewCell.xib */,
				7F69967624E2C62C009D7821 /* UserFeedCollectionViewCell.swift */,
				7F69968424E2DB5B009D7821 /* UserHeader.swift */,
				7F2D342224DC332400E51698 /* Main.storyboard */,
				7F2D342824DC332C00E51698 /* Assets.xcassets */,
				7F2D342A24DC332C00E51698 /* LaunchScreen.storyboard */,
				7F2D342D24DC332C00E51698 /* Info.plist */,
				7F2D343824DC3D3E00E51698 /* GoogleService-Info.plist */,
				7F2D342524DC332400E51698 /* InstagramClone.xcdatamodeld */,
				7F58898224E08E2100ABBCC9 /* Model */,
				7F69967C24E2CED5009D7821 /* Extensions.swift */,
				7F6B353A24E2BCAD008C37F4 /* UserProfileViewController.swift */,
				7F6B353824E16D73008C37F4 /* ProfileViewController.swift */,
				7FE53EE824E305E60083A3AC /* AuthPickerViewController.swift */,
			);
			path = InstagramClone;
			sourceTree = "<group>";
		};
		7F2D343324DC34AE00E51698 /* Authentication */ = {
			isa = PBXGroup;
			children = (
				7F2D343424DC34D400E51698 /* LoginViewController.swift */,
				7F2D343624DC34EC00E51698 /* SignupViewController.swift */,
			);
			path = Authentication;
			sourceTree = "<group>";
		};
		7F58898224E08E2100ABBCC9 /* Model */ = {
			isa = PBXGroup;
			children = (
				7F2D343E24DC5A0A00E51698 /* Post.swift */,
				7F2D344024DC5A2F00E51698 /* Comment.swift */,
				7F2D344224DC5A4D00E51698 /* INUser.swift */,
			);
			path = Model;
			sourceTree = "<group>";
		};
		7F58898324E08E5200ABBCC9 /* AppDelegate */ = {
			isa = PBXGroup;
			children = (
				7F2D341C24DC332400E51698 /* AppDelegate.swift */,
				7F2D341E24DC332400E51698 /* SceneDelegate.swift */,
			);
			path = AppDelegate;
			sourceTree = "<group>";
		};
		8D3DCE3D7878AE2AF5FC1977 /* Pods */ = {
			isa = PBXGroup;
			children = (
				41D8780D09C785BD3293A797 /* Pods-InstagramClone.debug.xcconfig */,
				A9B33C7BA063C860FADD629A /* Pods-InstagramClone.release.xcconfig */,
			);
			path = Pods;
			sourceTree = "<group>";
		};
/* End PBXGroup section */

/* Begin PBXNativeTarget section */
		7F2D341824DC332300E51698 /* InstagramClone */ = {
			isa = PBXNativeTarget;
			buildConfigurationList = 7F2D343024DC332C00E51698 /* Build configuration list for PBXNativeTarget "InstagramClone" */;
			buildPhases = (
				CFF26E58C49D420E5983B857 /* [CP] Check Pods Manifest.lock */,
				7F2D341524DC332300E51698 /* Sources */,
				7F2D341624DC332300E51698 /* Frameworks */,
				7F2D341724DC332300E51698 /* Resources */,
				529958DE028D75A07E809E89 /* [CP] Embed Pods Frameworks */,
				71DD655EBD336C5E87270EE2 /* [CP] Copy Pods Resources */,
			);
			buildRules = (
			);
			dependencies = (
			);
			name = InstagramClone;
			productName = InstagramClone;
			productReference = 7F2D341924DC332300E51698 /* InstagramClone.app */;
			productType = "com.apple.product-type.application";
		};
/* End PBXNativeTarget section */

/* Begin PBXProject section */
		7F2D341124DC332300E51698 /* Project object */ = {
			isa = PBXProject;
			attributes = {
				LastSwiftUpdateCheck = 1150;
				LastUpgradeCheck = 1150;
				ORGANIZATIONNAME = "Nulrybek Karshyga";
				TargetAttributes = {
					7F2D341824DC332300E51698 = {
						CreatedOnToolsVersion = 11.5;
					};
				};
			};
			buildConfigurationList = 7F2D341424DC332300E51698 /* Build configuration list for PBXProject "InstagramClone" */;
			compatibilityVersion = "Xcode 9.3";
			developmentRegion = en;
			hasScannedForEncodings = 0;
			knownRegions = (
				en,
				Base,
			);
			mainGroup = 7F2D341024DC332300E51698;
			productRefGroup = 7F2D341A24DC332300E51698 /* Products */;
			projectDirPath = "";
			projectRoot = "";
			targets = (
				7F2D341824DC332300E51698 /* InstagramClone */,
			);
		};
/* End PBXProject section */

/* Begin PBXResourcesBuildPhase section */
		7F2D341724DC332300E51698 /* Resources */ = {
			isa = PBXResourcesBuildPhase;
			buildActionMask = 2147483647;
			files = (
				7F2D342C24DC332C00E51698 /* LaunchScreen.storyboard in Resources */,
				7F2D342924DC332C00E51698 /* Assets.xcassets in Resources */,
				7F2D343924DC3D3F00E51698 /* GoogleService-Info.plist in Resources */,
				7F2D342424DC332400E51698 /* Main.storyboard in Resources */,
				7F69967B24E2C8C9009D7821 /* UserProfileCardCollectionViewCell.xib in Resources */,
			);
			runOnlyForDeploymentPostprocessing = 0;
		};
/* End PBXResourcesBuildPhase section */

/* Begin PBXShellScriptBuildPhase section */
		529958DE028D75A07E809E89 /* [CP] Embed Pods Frameworks */ = {
			isa = PBXShellScriptBuildPhase;
			buildActionMask = 2147483647;
			files = (
			);
			inputFileListPaths = (
				"${PODS_ROOT}/Target Support Files/Pods-InstagramClone/Pods-InstagramClone-frameworks-${CONFIGURATION}-input-files.xcfilelist",
			);
			name = "[CP] Embed Pods Frameworks";
			outputFileListPaths = (
				"${PODS_ROOT}/Target Support Files/Pods-InstagramClone/Pods-InstagramClone-frameworks-${CONFIGURATION}-output-files.xcfilelist",
			);
			runOnlyForDeploymentPostprocessing = 0;
			shellPath = /bin/sh;
			shellScript = "\"${PODS_ROOT}/Target Support Files/Pods-InstagramClone/Pods-InstagramClone-frameworks.sh\"\n";
			showEnvVarsInLog = 0;
		};
		71DD655EBD336C5E87270EE2 /* [CP] Copy Pods Resources */ = {
			isa = PBXShellScriptBuildPhase;
			buildActionMask = 2147483647;
			files = (
			);
			inputFileListPaths = (
				"${PODS_ROOT}/Target Support Files/Pods-InstagramClone/Pods-InstagramClone-resources-${CONFIGURATION}-input-files.xcfilelist",
			);
			name = "[CP] Copy Pods Resources";
			outputFileListPaths = (
				"${PODS_ROOT}/Target Support Files/Pods-InstagramClone/Pods-InstagramClone-resources-${CONFIGURATION}-output-files.xcfilelist",
			);
			runOnlyForDeploymentPostprocessing = 0;
			shellPath = /bin/sh;
			shellScript = "\"${PODS_ROOT}/Target Support Files/Pods-InstagramClone/Pods-InstagramClone-resources.sh\"\n";
			showEnvVarsInLog = 0;
		};
		CFF26E58C49D420E5983B857 /* [CP] Check Pods Manifest.lock */ = {
			isa = PBXShellScriptBuildPhase;
			buildActionMask = 2147483647;
			files = (
			);
			inputFileListPaths = (
			);
			inputPaths = (
				"${PODS_PODFILE_DIR_PATH}/Podfile.lock",
				"${PODS_ROOT}/Manifest.lock",
			);
			name = "[CP] Check Pods Manifest.lock";
			outputFileListPaths = (
			);
			outputPaths = (
				"$(DERIVED_FILE_DIR)/Pods-InstagramClone-checkManifestLockResult.txt",
			);
			runOnlyForDeploymentPostprocessing = 0;
			shellPath = /bin/sh;
			shellScript = "diff \"${PODS_PODFILE_DIR_PATH}/Podfile.lock\" \"${PODS_ROOT}/Manifest.lock\" > /dev/null\nif [ $? != 0 ] ; then\n    # print error to STDERR\n    echo \"error: The sandbox is not in sync with the Podfile.lock. Run 'pod install' or update your CocoaPods installation.\" >&2\n    exit 1\nfi\n# This output is used by Xcode 'outputs' to avoid re-running this script phase.\necho \"SUCCESS\" > \"${SCRIPT_OUTPUT_FILE_0}\"\n";
			showEnvVarsInLog = 0;
		};
/* End PBXShellScriptBuildPhase section */

/* Begin PBXSourcesBuildPhase section */
		7F2D341524DC332300E51698 /* Sources */ = {
			isa = PBXSourcesBuildPhase;
			buildActionMask = 2147483647;
			files = (
				7F69967724E2C62C009D7821 /* UserFeedCollectionViewCell.swift in Sources */,
				7F2D343724DC34EC00E51698 /* SignupViewController.swift in Sources */,
				7F2D342124DC332400E51698 /* ViewController.swift in Sources */,
				7F2D341D24DC332400E51698 /* AppDelegate.swift in Sources */,
				7FE53EE924E305E60083A3AC /* AuthPickerViewController.swift in Sources */,
				7F2D342724DC332400E51698 /* InstagramClone.xcdatamodeld in Sources */,
				7F2D343B24DC478D00E51698 /* UploadPostViewController.swift in Sources */,
				7F2D344524DC6F2C00E51698 /* FeedDetailView.swift in Sources */,
				7F6B353924E16D73008C37F4 /* ProfileViewController.swift in Sources */,
				7F69968124E2D8A1009D7821 /* UProfileCollectionViewController.swift in Sources */,
				7F2D344124DC5A2F00E51698 /* Comment.swift in Sources */,
				7F69968524E2DB5B009D7821 /* UserHeader.swift in Sources */,
				7F6B353B24E2BCAD008C37F4 /* UserProfileViewController.swift in Sources */,
				7F69967D24E2CED5009D7821 /* Extensions.swift in Sources */,
				7F2D343F24DC5A0A00E51698 /* Post.swift in Sources */,
				7F2D343524DC34D400E51698 /* LoginViewController.swift in Sources */,
				7F2D341F24DC332400E51698 /* SceneDelegate.swift in Sources */,
				7F2D344324DC5A4D00E51698 /* INUser.swift in Sources */,
			);
			runOnlyForDeploymentPostprocessing = 0;
		};
/* End PBXSourcesBuildPhase section */

/* Begin PBXVariantGroup section */
		7F2D342224DC332400E51698 /* Main.storyboard */ = {
			isa = PBXVariantGroup;
			children = (
				7F2D342324DC332400E51698 /* Base */,
			);
			name = Main.storyboard;
			sourceTree = "<group>";
		};
		7F2D342A24DC332C00E51698 /* LaunchScreen.storyboard */ = {
			isa = PBXVariantGroup;
			children = (
				7F2D342B24DC332C00E51698 /* Base */,
			);
			name = LaunchScreen.storyboard;
			sourceTree = "<group>";
		};
/* End PBXVariantGroup section */

/* Begin XCBuildConfiguration section */
		7F2D342E24DC332C00E51698 /* Debug */ = {
			isa = XCBuildConfiguration;
			buildSettings = {
				ALWAYS_SEARCH_USER_PATHS = NO;
				CLANG_ANALYZER_NONNULL = YES;
				CLANG_ANALYZER_NUMBER_OBJECT_CONVERSION = YES_AGGRESSIVE;
				CLANG_CXX_LANGUAGE_STANDARD = "gnu++14";
				CLANG_CXX_LIBRARY = "libc++";
				CLANG_ENABLE_MODULES = YES;
				CLANG_ENABLE_OBJC_ARC = YES;
				CLANG_ENABLE_OBJC_WEAK = YES;
				CLANG_WARN_BLOCK_CAPTURE_AUTORELEASING = YES;
				CLANG_WARN_BOOL_CONVERSION = YES;
				CLANG_WARN_COMMA = YES;
				CLANG_WARN_CONSTANT_CONVERSION = YES;
				CLANG_WARN_DEPRECATED_OBJC_IMPLEMENTATIONS = YES;
				CLANG_WARN_DIRECT_OBJC_ISA_USAGE = YES_ERROR;
				CLANG_WARN_DOCUMENTATION_COMMENTS = YES;
				CLANG_WARN_EMPTY_BODY = YES;
				CLANG_WARN_ENUM_CONVERSION = YES;
				CLANG_WARN_INFINITE_RECURSION = YES;
				CLANG_WARN_INT_CONVERSION = YES;
				CLANG_WARN_NON_LITERAL_NULL_CONVERSION = YES;
				CLANG_WARN_OBJC_IMPLICIT_RETAIN_SELF = YES;
				CLANG_WARN_OBJC_LITERAL_CONVERSION = YES;
				CLANG_WARN_OBJC_ROOT_CLASS = YES_ERROR;
				CLANG_WARN_RANGE_LOOP_ANALYSIS = YES;
				CLANG_WARN_STRICT_PROTOTYPES = YES;
				CLANG_WARN_SUSPICIOUS_MOVE = YES;
				CLANG_WARN_UNGUARDED_AVAILABILITY = YES_AGGRESSIVE;
				CLANG_WARN_UNREACHABLE_CODE = YES;
				CLANG_WARN__DUPLICATE_METHOD_MATCH = YES;
				COPY_PHASE_STRIP = NO;
				DEBUG_INFORMATION_FORMAT = dwarf;
				ENABLE_STRICT_OBJC_MSGSEND = YES;
				ENABLE_TESTABILITY = YES;
				GCC_C_LANGUAGE_STANDARD = gnu11;
				GCC_DYNAMIC_NO_PIC = NO;
				GCC_NO_COMMON_BLOCKS = YES;
				GCC_OPTIMIZATION_LEVEL = 0;
				GCC_PREPROCESSOR_DEFINITIONS = (
					"DEBUG=1",
					"$(inherited)",
				);
				GCC_WARN_64_TO_32_BIT_CONVERSION = YES;
				GCC_WARN_ABOUT_RETURN_TYPE = YES_ERROR;
				GCC_WARN_UNDECLARED_SELECTOR = YES;
				GCC_WARN_UNINITIALIZED_AUTOS = YES_AGGRESSIVE;
				GCC_WARN_UNUSED_FUNCTION = YES;
				GCC_WARN_UNUSED_VARIABLE = YES;
				IPHONEOS_DEPLOYMENT_TARGET = 13.5;
				MTL_ENABLE_DEBUG_INFO = INCLUDE_SOURCE;
				MTL_FAST_MATH = YES;
				ONLY_ACTIVE_ARCH = YES;
				SDKROOT = iphoneos;
				SWIFT_ACTIVE_COMPILATION_CONDITIONS = DEBUG;
				SWIFT_OPTIMIZATION_LEVEL = "-Onone";
			};
			name = Debug;
		};
		7F2D342F24DC332C00E51698 /* Release */ = {
			isa = XCBuildConfiguration;
			buildSettings = {
				ALWAYS_SEARCH_USER_PATHS = NO;
				CLANG_ANALYZER_NONNULL = YES;
				CLANG_ANALYZER_NUMBER_OBJECT_CONVERSION = YES_AGGRESSIVE;
				CLANG_CXX_LANGUAGE_STANDARD = "gnu++14";
				CLANG_CXX_LIBRARY = "libc++";
				CLANG_ENABLE_MODULES = YES;
				CLANG_ENABLE_OBJC_ARC = YES;
				CLANG_ENABLE_OBJC_WEAK = YES;
				CLANG_WARN_BLOCK_CAPTURE_AUTORELEASING = YES;
				CLANG_WARN_BOOL_CONVERSION = YES;
				CLANG_WARN_COMMA = YES;
				CLANG_WARN_CONSTANT_CONVERSION = YES;
				CLANG_WARN_DEPRECATED_OBJC_IMPLEMENTATIONS = YES;
				CLANG_WARN_DIRECT_OBJC_ISA_USAGE = YES_ERROR;
				CLANG_WARN_DOCUMENTATION_COMMENTS = YES;
				CLANG_WARN_EMPTY_BODY = YES;
				CLANG_WARN_ENUM_CONVERSION = YES;
				CLANG_WARN_INFINITE_RECURSION = YES;
				CLANG_WARN_INT_CONVERSION = YES;
				CLANG_WARN_NON_LITERAL_NULL_CONVERSION = YES;
				CLANG_WARN_OBJC_IMPLICIT_RETAIN_SELF = YES;
				CLANG_WARN_OBJC_LITERAL_CONVERSION = YES;
				CLANG_WARN_OBJC_ROOT_CLASS = YES_ERROR;
				CLANG_WARN_RANGE_LOOP_ANALYSIS = YES;
				CLANG_WARN_STRICT_PROTOTYPES = YES;
				CLANG_WARN_SUSPICIOUS_MOVE = YES;
				CLANG_WARN_UNGUARDED_AVAILABILITY = YES_AGGRESSIVE;
				CLANG_WARN_UNREACHABLE_CODE = YES;
				CLANG_WARN__DUPLICATE_METHOD_MATCH = YES;
				COPY_PHASE_STRIP = NO;
				DEBUG_INFORMATION_FORMAT = "dwarf-with-dsym";
				ENABLE_NS_ASSERTIONS = NO;
				ENABLE_STRICT_OBJC_MSGSEND = YES;
				GCC_C_LANGUAGE_STANDARD = gnu11;
				GCC_NO_COMMON_BLOCKS = YES;
				GCC_WARN_64_TO_32_BIT_CONVERSION = YES;
				GCC_WARN_ABOUT_RETURN_TYPE = YES_ERROR;
				GCC_WARN_UNDECLARED_SELECTOR = YES;
				GCC_WARN_UNINITIALIZED_AUTOS = YES_AGGRESSIVE;
				GCC_WARN_UNUSED_FUNCTION = YES;
				GCC_WARN_UNUSED_VARIABLE = YES;
				IPHONEOS_DEPLOYMENT_TARGET = 13.5;
				MTL_ENABLE_DEBUG_INFO = NO;
				MTL_FAST_MATH = YES;
				SDKROOT = iphoneos;
				SWIFT_COMPILATION_MODE = wholemodule;
				SWIFT_OPTIMIZATION_LEVEL = "-O";
				VALIDATE_PRODUCT = YES;
			};
			name = Release;
		};
		7F2D343124DC332C00E51698 /* Debug */ = {
			isa = XCBuildConfiguration;
			baseConfigurationReference = 41D8780D09C785BD3293A797 /* Pods-InstagramClone.debug.xcconfig */;
			buildSettings = {
				ASSETCATALOG_COMPILER_APPICON_NAME = AppIcon;
				CODE_SIGN_STYLE = Automatic;
				DEVELOPMENT_TEAM = 82K5B964E4;
				INFOPLIST_FILE = InstagramClone/Info.plist;
				LD_RUNPATH_SEARCH_PATHS = (
					"$(inherited)",
					"@executable_path/Frameworks",
				);
				PRODUCT_BUNDLE_IDENTIFIER = com.karshiganurlybek.InstagramClone;
				PRODUCT_NAME = "$(TARGET_NAME)";
				SWIFT_VERSION = 5.0;
				TARGETED_DEVICE_FAMILY = "1,2";
			};
			name = Debug;
		};
		7F2D343224DC332C00E51698 /* Release */ = {
			isa = XCBuildConfiguration;
			baseConfigurationReference = A9B33C7BA063C860FADD629A /* Pods-InstagramClone.release.xcconfig */;
			buildSettings = {
				ASSETCATALOG_COMPILER_APPICON_NAME = AppIcon;
				CODE_SIGN_STYLE = Automatic;
				DEVELOPMENT_TEAM = 82K5B964E4;
				INFOPLIST_FILE = InstagramClone/Info.plist;
				LD_RUNPATH_SEARCH_PATHS = (
					"$(inherited)",
					"@executable_path/Frameworks",
				);
				PRODUCT_BUNDLE_IDENTIFIER = com.karshiganurlybek.InstagramClone;
				PRODUCT_NAME = "$(TARGET_NAME)";
				SWIFT_VERSION = 5.0;
				TARGETED_DEVICE_FAMILY = "1,2";
			};
			name = Release;
		};
/* End XCBuildConfiguration section */

/* Begin XCConfigurationList section */
		7F2D341424DC332300E51698 /* Build configuration list for PBXProject "InstagramClone" */ = {
			isa = XCConfigurationList;
			buildConfigurations = (
				7F2D342E24DC332C00E51698 /* Debug */,
				7F2D342F24DC332C00E51698 /* Release */,
			);
			defaultConfigurationIsVisible = 0;
			defaultConfigurationName = Release;
		};
		7F2D343024DC332C00E51698 /* Build configuration list for PBXNativeTarget "InstagramClone" */ = {
			isa = XCConfigurationList;
			buildConfigurations = (
				7F2D343124DC332C00E51698 /* Debug */,
				7F2D343224DC332C00E51698 /* Release */,
			);
			defaultConfigurationIsVisible = 0;
			defaultConfigurationName = Release;
		};
/* End XCConfigurationList section */

/* Begin XCVersionGroup section */
		7F2D342524DC332400E51698 /* InstagramClone.xcdatamodeld */ = {
			isa = XCVersionGroup;
			children = (
				7F2D342624DC332400E51698 /* InstagramClone.xcdatamodel */,
			);
			currentVersion = 7F2D342624DC332400E51698 /* InstagramClone.xcdatamodel */;
			path = InstagramClone.xcdatamodeld;
			sourceTree = "<group>";
			versionGroupType = wrapper.xcdatamodel;
		};
/* End XCVersionGroup section */
	};
	rootObject = 7F2D341124DC332300E51698 /* Project object */;
}
